{
  "version": "4",
  "specifiers": {
    "jsr:@david/code-block-writer@^13.0.3": "13.0.3",
    "jsr:@deno/dnt@*": "0.42.3",
    "jsr:@std/fmt@1": "1.0.9",
    "jsr:@std/fs@1": "1.0.11",
    "jsr:@std/path@1": "1.0.8",
    "jsr:@std/path@^1.0.8": "1.0.8",
    "jsr:@ts-morph/bootstrap@0.27": "0.27.0",
    "jsr:@ts-morph/common@0.27": "0.27.0"
  },
  "jsr": {
    "@david/code-block-writer@13.0.3": {
      "integrity": "f98c77d320f5957899a61bfb7a9bead7c6d83ad1515daee92dbacc861e13bb7f"
    },
    "@deno/dnt@0.42.3": {
      "integrity": "62a917a0492f3c8af002dce90605bb0d41f7d29debc06aca40dba72ab65d8ae3",
      "dependencies": [
        "jsr:@david/code-block-writer",
        "jsr:@std/fmt",
        "jsr:@std/fs",
        "jsr:@std/path@1",
        "jsr:@ts-morph/bootstrap"
      ]
    },
    "@std/fmt@1.0.9": {
      "integrity": "2487343e8899fb2be5d0e3d35013e54477ada198854e52dd05ed0422eddcabe0"
    },
    "@std/fs@1.0.11": {
      "integrity": "ba674672693340c5ebdd018b4fe1af46cb08741f42b4c538154e97d217b55bdd",
      "dependencies": [
        "jsr:@std/path@^1.0.8"
      ]
    },
    "@std/path@1.0.8": {
      "integrity": "548fa456bb6a04d3c1a1e7477986b6cffbce95102d0bb447c67c4ee70e0364be"
    },
    "@ts-morph/bootstrap@0.27.0": {
      "integrity": "b8d7bc8f7942ce853dde4161b28f9aa96769cef3d8eebafb379a81800b9e2448",
      "dependencies": [
        "jsr:@ts-morph/common"
      ]
    },
    "@ts-morph/common@0.27.0": {
      "integrity": "c7b73592d78ce8479b356fd4f3d6ec3c460d77753a8680ff196effea7a939052",
      "dependencies": [
        "jsr:@std/fs",
        "jsr:@std/path@1"
      ]
    }
  },
  "workspace": {
    "packageJson": {
      "dependencies": [
        "npm:@adviser/cement@~0.5.32",
        "npm:@fireproof/core-cli@0.24.12",
        "npm:@fireproof/core-keybag@0.24.12",
        "npm:@fireproof/core-runtime@0.24.12",
        "npm:@fireproof/core-types-base@0.24.12",
        "npm:@fireproof/core-types-protocols-cloud@0.24.12",
        "npm:@fireproof/core@0.24.12",
        "npm:@fireproof/use-fireproof@0.24.12",
        "npm:@vitest/browser-playwright@^4.0.18",
        "npm:arktype@^2.1.29",
        "npm:cmd-ts@0.15",
        "npm:vitest@^4.0.18"
      ]
    }
  }
}
